# THIS IS AN AUTOGENERATED FILE. DO NOT EDIT THIS FILE DIRECTLY.
# yarn lockfile v1


"@types/node@^20.4.0":
  version "20.4.0"
  resolved "https://registry.npmjs.org/@types/node/-/node-20.4.0.tgz"
  integrity sha512-jfT7iTf/4kOQ9S7CHV9BIyRaQqHu67mOjsIQBC3BKZvzvUB6zLxEwJ6sBE3ozcvP8kF6Uk5PXN0Q+c0dfhGX0g==

klona@^2.0.4:
  version "2.0.6"
  resolved "https://registry.npmjs.org/klona/-/klona-2.0.6.tgz"
  integrity sha512-dhG34DXATL5hSxJbIexCft8FChFXtmskoZYnoPWjXQuebWYCNkVeV3KkGegCK9CP1oswI/vQibS2GY7Em/sJJA==

neo-async@^2.6.2:
  version "2.6.2"
  resolved "https://registry.npmjs.org/neo-async/-/neo-async-2.6.2.tgz"
  integrity sha512-Yd3UES5mWCSqR+qNT93S3UoYUkqAZ9lLg8a7g9rimsWmYGK8cVToA4/sF3RrshdyV3sAGMXVUmpMYOw+dLpOuw==

rellax@^1.12.1:
  version "1.12.1"
  resolved "https://registry.npmjs.org/rellax/-/rellax-1.12.1.tgz"
  integrity sha512-XBIi0CDpW5FLTujYjYBn1CIbK2CJL6TsAg/w409KghP2LucjjzBjsujXDAjyBLWgsfupfUcL5WzdnIPcGfK7XA==

sass-loader@^12.1.0:
  version "12.6.0"
  resolved "https://registry.npmjs.org/sass-loader/-/sass-loader-12.6.0.tgz"
  integrity sha512-oLTaH0YCtX4cfnJZxKSLAyglED0naiYfNG1iXfU5w1LNZ+ukoA5DtyDIN5zmKVZwYNJP4KRc5Y3hkWga+7tYfA==
  dependencies:
    klona "^2.0.4"
    neo-async "^2.6.2"
